<?xml version="1.0" encoding="utf-8"?>
<Project ToolsVersion="4.0" xmlns="http://schemas.microsoft.com/developer/msbuild/2003">
  <ItemGroup>
    <ClCompile Include="..\..\src\AndyValidator_FBX\CleanSceneValidation.cpp">
      <Filter>Archivos de codigo fuente</Filter>
    </ClCompile>
    <ClCompile Include="..\..\src\AndyValidator_FBX\CollidersValidation.cpp">
      <Filter>Archivos de codigo fuente</Filter>
    </ClCompile>
    <ClCompile Include="..\..\src\AndyValidator_FBX\DimensionsValidation.cpp">
      <Filter>Archivos de codigo fuente</Filter>
    </ClCompile>
    <ClCompile Include="..\..\src\AndyValidator_FBX\ExistingSceneValidation.cpp">
      <Filter>Archivos de codigo fuente</Filter>
    </ClCompile>
    <ClCompile Include="..\..\src\AndyValidator_FBX\FBX.cpp">
      <Filter>Archivos de codigo fuente</Filter>
    </ClCompile>
    <ClCompile Include="..\..\src\AndyValidator_FBX\ImportManager.cpp">
      <Filter>Archivos de codigo fuente</Filter>
    </ClCompile>
    <ClCompile Include="..\..\src\AndyValidator_FBX\LODValidation.cpp">
      <Filter>Archivos de codigo fuente</Filter>
    </ClCompile>
    <ClCompile Include="..\..\src\AndyValidator_FBX\NamingValidation.cpp">
      <Filter>Archivos de codigo fuente</Filter>
    </ClCompile>
    <ClCompile Include="..\..\src\AndyValidator_FBX\NormalsValidation.cpp">
      <Filter>Archivos de codigo fuente</Filter>
    </ClCompile>
    <ClCompile Include="..\..\src\AndyValidator_FBX\OverlappingUVValidation.cpp">
      <Filter>Archivos de codigo fuente</Filter>
    </ClCompile>
    <ClCompile Include="..\..\src\AndyValidator_FBX\PaddingValidation.cpp">
      <Filter>Archivos de codigo fuente</Filter>
    </ClCompile>
    <ClCompile Include="..\..\src\AndyValidator_FBX\PivotValidation.cpp">
      <Filter>Archivos de codigo fuente</Filter>
    </ClCompile>
    <ClCompile Include="..\..\src\AndyValidator_FBX\PolygonValidation.cpp">
      <Filter>Archivos de codigo fuente</Filter>
    </ClCompile>
    <ClCompile Include="..\..\src\AndyValidator_FBX\TexelDensityValidation.cpp">
      <Filter>Archivos de codigo fuente</Filter>
    </ClCompile>
    <ClCompile Include="..\..\src\AndyValidator_FBX\TransformationsValidation.cpp">
      <Filter>Archivos de codigo fuente</Filter>
    </ClCompile>
    <ClCompile Include="..\..\src\AndyValidator_FBX\UnitsValidation.cpp">
      <Filter>Archivos de codigo fuente</Filter>
    </ClCompile>
    <ClCompile Include="..\..\src\AndyValidator_FBX\ValidatorManager.cpp">
      <Filter>Archivos de codigo fuente</Filter>
    </ClCompile>
    <ClCompile Include="..\..\src\AndyValidator_FBX\VertexValidation.cpp">
      <Filter>Archivos de codigo fuente</Filter>
    </ClCompile>
  </ItemGroup>
  <ItemGroup>
    <ClInclude Include="..\..\include\AndyValidator_FBX\CleanSceneValidation.h">
      <Filter>Archivos de encabezado</Filter>
    </ClInclude>
    <ClInclude Include="..\..\include\AndyValidator_FBX\CollidersValidation.h">
      <Filter>Archivos de encabezado</Filter>
    </ClInclude>
    <ClInclude Include="..\..\include\AndyValidator_FBX\DimensionsValidation.h">
      <Filter>Archivos de encabezado</Filter>
    </ClInclude>
    <ClInclude Include="..\..\include\AndyValidator_FBX\ExistingSceneValidation.h">
      <Filter>Archivos de encabezado</Filter>
    </ClInclude>
    <ClInclude Include="..\..\include\AndyValidator_FBX\FBX.h">
      <Filter>Archivos de encabezado</Filter>
    </ClInclude>
    <ClInclude Include="..\..\include\AndyValidator_FBX\ImportManager.h">
      <Filter>Archivos de encabezado</Filter>
    </ClInclude>
    <ClInclude Include="..\..\include\AndyValidator_FBX\LODValidation.h">
      <Filter>Archivos de encabezado</Filter>
    </ClInclude>
    <ClInclude Include="..\..\include\AndyValidator_FBX\NamingValidation.h">
      <Filter>Archivos de encabezado</Filter>
    </ClInclude>
    <ClInclude Include="..\..\include\AndyValidator_FBX\NormalsValidation.h">
      <Filter>Archivos de encabezado</Filter>
    </ClInclude>
    <ClInclude Include="..\..\include\AndyValidator_FBX\OverlappingUVValidation.h">
      <Filter>Archivos de encabezado</Filter>
    </ClInclude>
    <ClInclude Include="..\..\include\AndyValidator_FBX\PaddingValidation.h">
      <Filter>Archivos de encabezado</Filter>
    </ClInclude>
    <ClInclude Include="..\..\include\AndyValidator_FBX\PivotValidation.h">
      <Filter>Archivos de encabezado</Filter>
    </ClInclude>
    <ClInclude Include="..\..\include\AndyValidator_FBX\PolygonValidation.h">
      <Filter>Archivos de encabezado</Filter>
    </ClInclude>
    <ClInclude Include="..\..\include\AndyValidator_FBX\TexelDensityValidation.h">
      <Filter>Archivos de encabezado</Filter>
    </ClInclude>
    <ClInclude Include="..\..\include\AndyValidator_FBX\TransformationsValidation.h">
      <Filter>Archivos de encabezado</Filter>
    </ClInclude>
    <ClInclude Include="..\..\include\AndyValidator_FBX\UnitsValidation.h">
      <Filter>Archivos de encabezado</Filter>
    </ClInclude>
    <ClInclude Include="..\..\include\AndyValidator_FBX\Validation.h">
      <Filter>Archivos de encabezado</Filter>
    </ClInclude>
    <ClInclude Include="..\..\include\AndyValidator_FBX\ValidatorManager.h">
      <Filter>Archivos de encabezado</Filter>
    </ClInclude>
    <ClInclude Include="..\..\include\AndyValidator_FBX\VertexValidation.h">
      <Filter>Archivos de encabezado</Filter>
    </ClInclude>
  </ItemGroup>
  <ItemGroup>
    <Filter Include="Archivos de codigo fuente">
      <UniqueIdentifier>{45e73319-0e29-41f7-b183-0265b11ba9f0}</UniqueIdentifier>
    </Filter>
    <Filter Include="Archivos de encabezado">
      <UniqueIdentifier>{55894fec-e488-4d85-bf92-ef65f6fcf2c0}</UniqueIdentifier>
    </Filter>
    <Filter Include="Archivos de recursos">
      <UniqueIdentifier>{5428f15f-afc2-46f5-9424-e86e80e5a377}</UniqueIdentifier>
    </Filter>
  </ItemGroup>
</Project>